{
  "name": "yoga2tienda",
  "version": "1.0.0",
  "lockfileVersion": 2,
  "requires": true,
  "packages": {
    "": {
      "name": "yoga2tienda",
      "version": "1.0.0",
      "license": "ISC",
      "dependencies": {
        "sweet-alert": "^2.0.5"
      }
    },
    "node_modules/@compone/class": {
      "version": "1.1.1",
      "resolved": "https://registry.npmjs.org/@compone/class/-/class-1.1.1.tgz",
      "integrity": "sha512-pbODcJi0TdyKQ/PTHSHLwO4h/r5EgMdkPQLdBSaZBUiBuWdGil+0PEhpfhAWDuFrwVPKiCHYQOfs8WyGe9ABWA=="
    },
    "node_modules/@compone/define": {
      "version": "1.2.4",
      "resolved": "https://registry.npmjs.org/@compone/define/-/define-1.2.4.tgz",
      "integrity": "sha512-w0ZDiYMIppvb1epoNY64pkEACwn9693cc7qM1ZSKWUVZczx5vlR4iZM7by129IYUdCq0SsbxQbbPZjnzj/0Qew==",
      "dependencies": {
        "@compone/class": "^1.1.1",
        "@compone/event": "^1.1.2"
      }
    },
    "node_modules/@compone/event": {
      "version": "1.1.2",
      "resolved": "https://registry.npmjs.org/@compone/event/-/event-1.1.2.tgz",
      "integrity": "sha512-baJDnAr8pWefqfltNS33HieD+s23YO+w2/RD6lPxIEzlOuM1R5RT5vpUUTcrzn0Er3oj62PlfMUyS0SwnVw67Q==",
      "dependencies": {
        "utilise": "^2.3.5"
      }
    },
    "node_modules/@compone/style": {
      "version": "1.0.1",
      "resolved": "https://registry.npmjs.org/@compone/style/-/style-1.0.1.tgz",
      "integrity": "sha512-OzEbf5O88x+hyJyqW+Ya7H6pFV0em0HnfA+uC2ORS00I0FS6Zq3xUEiBX7uKZHaEbV8GywBchYKkPM4GW6IT6w==",
      "dependencies": {
        "cssscope": "^0.1.0",
        "djbx": "^1.0.3"
      }
    },
    "node_modules/colors": {
      "version": "1.4.0",
      "resolved": "https://registry.npmjs.org/colors/-/colors-1.4.0.tgz",
      "integrity": "sha512-a+UqTh4kgZg/SlGvfbzDHpgRu7AAQOmmqRHJnxhRZICKFUT91brVhNNt58CMWU9PsBbv3PDCZUHbVxuDiH2mtA==",
      "engines": {
        "node": ">=0.1.90"
      }
    },
    "node_modules/cssscope": {
      "version": "0.1.0",
      "resolved": "https://registry.npmjs.org/cssscope/-/cssscope-0.1.0.tgz",
      "integrity": "sha512-JW7YFPiZJpT2+z+odH23QKezNKQLykP5WNWFzDnyl5h+0lUCf4JTGoSxynpVKQnqXdZf1Jxb9TNBmfzprzhYAg=="
    },
    "node_modules/djbx": {
      "version": "1.0.3",
      "resolved": "https://registry.npmjs.org/djbx/-/djbx-1.0.3.tgz",
      "integrity": "sha512-Y8ph/85fEChtSgSgw1asP4cGLNLxlbnDBnQMpX8+MOpaiYyOn8assnSpIrwHuoGZV/sE1DUbKh9aeKlWZdHKEg=="
    },
    "node_modules/sweet-alert": {
      "version": "2.0.5",
      "resolved": "https://registry.npmjs.org/sweet-alert/-/sweet-alert-2.0.5.tgz",
      "integrity": "sha512-UrzrZDCDrVWyrS0pmXQs9eaxb0s++4EuDyS+sESqI9IEj9l8AKVTv7/KHVaIE2uERwcgncnZW5fO4o+xUy0JFA==",
      "dependencies": {
        "@compone/define": "^1.2.4",
        "@compone/style": "^1.0.0"
      }
    },
    "node_modules/through": {
      "version": "2.3.8",
      "resolved": "https://registry.npmjs.org/through/-/through-2.3.8.tgz",
      "integrity": "sha512-w89qg7PI8wAdvX60bMDP+bFoD5Dvhm9oLheFp5O4a2QF0cSBGsBX4qZmadPMvVqlLJBBci+WqGGOAPvcDeNSVg=="
    },
    "node_modules/utilise": {
      "version": "2.3.8",
      "resolved": "https://registry.npmjs.org/utilise/-/utilise-2.3.8.tgz",
      "integrity": "sha512-scuRvOkBODMEvS87Uz0Pe3f737JSszUAgB9pHHOHaHroA0MfFC+STXBIDT3x/uMQx/9sbREJnHUhs9xfRPT+gg==",
      "dependencies": {
        "colors": "^1.2.3",
        "through": "^2.3.8"
      }
    }
  },
  "dependencies": {
    "@compone/class": {
      "version": "1.1.1",
      "resolved": "https://registry.npmjs.org/@compone/class/-/class-1.1.1.tgz",
      "integrity": "sha512-pbODcJi0TdyKQ/PTHSHLwO4h/r5EgMdkPQLdBSaZBUiBuWdGil+0PEhpfhAWDuFrwVPKiCHYQOfs8WyGe9ABWA=="
    },
    "@compone/define": {
      "version": "1.2.4",
      "resolved": "https://registry.npmjs.org/@compone/define/-/define-1.2.4.tgz",
      "integrity": "sha512-w0ZDiYMIppvb1epoNY64pkEACwn9693cc7qM1ZSKWUVZczx5vlR4iZM7by129IYUdCq0SsbxQbbPZjnzj/0Qew==",
      "requires": {
        "@compone/class": "^1.1.1",
        "@compone/event": "^1.1.2"
      }
    },
    "@compone/event": {
      "version": "1.1.2",
      "resolved": "https://registry.npmjs.org/@compone/event/-/event-1.1.2.tgz",
      "integrity": "sha512-baJDnAr8pWefqfltNS33HieD+s23YO+w2/RD6lPxIEzlOuM1R5RT5vpUUTcrzn0Er3oj62PlfMUyS0SwnVw67Q==",
      "requires": {
        "utilise": "^2.3.5"
      }
    },
    "@compone/style": {
      "version": "1.0.1",
      "resolved": "https://registry.npmjs.org/@compone/style/-/style-1.0.1.tgz",
      "integrity": "sha512-OzEbf5O88x+hyJyqW+Ya7H6pFV0em0HnfA+uC2ORS00I0FS6Zq3xUEiBX7uKZHaEbV8GywBchYKkPM4GW6IT6w==",
      "requires": {
        "cssscope": "^0.1.0",
        "djbx": "^1.0.3"
      }
    },
    "colors": {
      "version": "1.4.0",
      "resolved": "https://registry.npmjs.org/colors/-/colors-1.4.0.tgz",
      "integrity": "sha512-a+UqTh4kgZg/SlGvfbzDHpgRu7AAQOmmqRHJnxhRZICKFUT91brVhNNt58CMWU9PsBbv3PDCZUHbVxuDiH2mtA=="
    },
    "cssscope": {
      "version": "0.1.0",
      "resolved": "https://registry.npmjs.org/cssscope/-/cssscope-0.1.0.tgz",
      "integrity": "sha512-JW7YFPiZJpT2+z+odH23QKezNKQLykP5WNWFzDnyl5h+0lUCf4JTGoSxynpVKQnqXdZf1Jxb9TNBmfzprzhYAg=="
    },
    "djbx": {
      "version": "1.0.3",
      "resolved": "https://registry.npmjs.org/djbx/-/djbx-1.0.3.tgz",
      "integrity": "sha512-Y8ph/85fEChtSgSgw1asP4cGLNLxlbnDBnQMpX8+MOpaiYyOn8assnSpIrwHuoGZV/sE1DUbKh9aeKlWZdHKEg=="
    },
    "sweet-alert": {
      "version": "2.0.5",
      "resolved": "https://registry.npmjs.org/sweet-alert/-/sweet-alert-2.0.5.tgz",
      "integrity": "sha512-UrzrZDCDrVWyrS0pmXQs9eaxb0s++4EuDyS+sESqI9IEj9l8AKVTv7/KHVaIE2uERwcgncnZW5fO4o+xUy0JFA==",
      "requires": {
        "@compone/define": "^1.2.4",
        "@compone/style": "^1.0.0"
      }
    },
    "through": {
      "version": "2.3.8",
      "resolved": "https://registry.npmjs.org/through/-/through-2.3.8.tgz",
      "integrity": "sha512-w89qg7PI8wAdvX60bMDP+bFoD5Dvhm9oLheFp5O4a2QF0cSBGsBX4qZmadPMvVqlLJBBci+WqGGOAPvcDeNSVg=="
    },
    "utilise": {
      "version": "2.3.8",
      "resolved": "https://registry.npmjs.org/utilise/-/utilise-2.3.8.tgz",
      "integrity": "sha512-scuRvOkBODMEvS87Uz0Pe3f737JSszUAgB9pHHOHaHroA0MfFC+STXBIDT3x/uMQx/9sbREJnHUhs9xfRPT+gg==",
      "requires": {
        "colors": "^1.2.3",
        "through": "^2.3.8"
      }
    }
  }
}
